
Microsoft Visual Studio Solution File, Format Version 12.00
# Visual Studio Version 17
VisualStudioVersion = 17.1.32328.378
MinimumVisualStudioVersion = 10.0.40219.1
Project("{FAE04EC0-301F-11D3-BF4B-00C04F79EFBC}") = "BasicCoreProgram", "BasicCoreProgram.csproj", "{D2DED8DE-15C9-4588-9ED0-07C4DDF96CBC}"
EndProject
Global
	GlobalSection(SolutionConfigurationPlatforms) = preSolution
		Debug|Any CPU = Debug|Any CPU
		Release|Any CPU = Release|Any CPU
	EndGlobalSection
	GlobalSection(ProjectConfigurationPlatforms) = postSolution
		{D2DED8DE-15C9-4588-9ED0-07C4DDF96CBC}.Debug|Any CPU.ActiveCfg = Debug|Any CPU
		{D2DED8DE-15C9-4588-9ED0-07C4DDF96CBC}.Debug|Any CPU.Build.0 = Debug|Any CPU
		{D2DED8DE-15C9-4588-9ED0-07C4DDF96CBC}.Release|Any CPU.ActiveCfg = Release|Any CPU
		{D2DED8DE-15C9-4588-9ED0-07C4DDF96CBC}.Release|Any CPU.Build.0 = Release|Any CPU
	EndGlobalSection
	GlobalSection(SolutionProperties) = preSolution
		HideSolutionNode = FALSE
	EndGlobalSection
	GlobalSection(ExtensibilityGlobals) = postSolution
		SolutionGuid = {7A313491-5FDB-43A6-B514-C0D143C8EE2B}
	EndGlobalSection
EndGlobal
